// !$*UTF8*$!
{
	archiveVersion = 1;
	classes = {
	};
	objectVersion = 48;
	objects = {

/* Begin PBXBuildFile section */
		46AA668D442F5FBEE9628BEF /* Pods_app.framework in Frameworks */ = {isa = PBXBuildFile; fileRef = 69FF400EDFE88E92D2073131 /* Pods_app.framework */; };
		CE315F64205BA3E600B17AAF /* Height.swift in Sources */ = {isa = PBXBuildFile; fileRef = CE315F63205BA3E600B17AAF /* Height.swift */; };
		CE315F66205BB2AD00B17AAF /* MeasurementViewController.swift in Sources */ = {isa = PBXBuildFile; fileRef = CE315F65205BB2AD00B17AAF /* MeasurementViewController.swift */; };
		CE315F68205BB3C900B17AAF /* EnterMeasurementViewController.swift in Sources */ = {isa = PBXBuildFile; fileRef = CE315F67205BB3C900B17AAF /* EnterMeasurementViewController.swift */; };
		CE315F6A205BB3E700B17AAF /* StartMeasurementViewController.swift in Sources */ = {isa = PBXBuildFile; fileRef = CE315F69205BB3E700B17AAF /* StartMeasurementViewController.swift */; };
		CE315F6C205BBD1700B17AAF /* measurement.mp4 in Resources */ = {isa = PBXBuildFile; fileRef = CE315F6B205BBD1700B17AAF /* measurement.mp4 */; };
		CE315F6E205BBD9700B17AAF /* TipsViewController.swift in Sources */ = {isa = PBXBuildFile; fileRef = CE315F6D205BBD9700B17AAF /* TipsViewController.swift */; };
		CE315F70205BD97200B17AAF /* SelectTimeViewController.swift in Sources */ = {isa = PBXBuildFile; fileRef = CE315F6F205BD97200B17AAF /* SelectTimeViewController.swift */; };
		CE315F72205BF32700B17AAF /* TriangleView.swift in Sources */ = {isa = PBXBuildFile; fileRef = CE315F71205BF32700B17AAF /* TriangleView.swift */; };
		CE315F74205C289D00B17AAF /* VideoViewController.swift in Sources */ = {isa = PBXBuildFile; fileRef = CE315F73205C289D00B17AAF /* VideoViewController.swift */; };
		CE41D3A5205D40D80093D077 /* NewsItem.swift in Sources */ = {isa = PBXBuildFile; fileRef = CE41D3A4205D40D80093D077 /* NewsItem.swift */; };
		CE41D3A7205D496F0093D077 /* WebViewController.swift in Sources */ = {isa = PBXBuildFile; fileRef = CE41D3A6205D496E0093D077 /* WebViewController.swift */; };
		CE556F6B205187A8008F2CD4 /* AppDelegate.swift in Sources */ = {isa = PBXBuildFile; fileRef = CE556F6A205187A8008F2CD4 /* AppDelegate.swift */; };
		CE556F6D205187A8008F2CD4 /* ShopViewController.swift in Sources */ = {isa = PBXBuildFile; fileRef = CE556F6C205187A8008F2CD4 /* ShopViewController.swift */; };
		CE556F6F205187A8008F2CD4 /* OrderViewController.swift in Sources */ = {isa = PBXBuildFile; fileRef = CE556F6E205187A8008F2CD4 /* OrderViewController.swift */; };
		CE556F72205187A8008F2CD4 /* Main.storyboard in Resources */ = {isa = PBXBuildFile; fileRef = CE556F70205187A8008F2CD4 /* Main.storyboard */; };
		CE556F74205187A8008F2CD4 /* Assets.xcassets in Resources */ = {isa = PBXBuildFile; fileRef = CE556F73205187A8008F2CD4 /* Assets.xcassets */; };
		CE556F77205187A8008F2CD4 /* LaunchScreen.storyboard in Resources */ = {isa = PBXBuildFile; fileRef = CE556F75205187A8008F2CD4 /* LaunchScreen.storyboard */; };
		CE556F8220519271008F2CD4 /* GoogleService-Info.plist in Resources */ = {isa = PBXBuildFile; fileRef = CE556F8120519271008F2CD4 /* GoogleService-Info.plist */; };
		CE5F65E120567EA800BCE8B2 /* SearchViewController.swift in Sources */ = {isa = PBXBuildFile; fileRef = CE5F65E020567EA800BCE8B2 /* SearchViewController.swift */; };
		CE5F65E320567EC300BCE8B2 /* UserViewController.swift in Sources */ = {isa = PBXBuildFile; fileRef = CE5F65E220567EC300BCE8B2 /* UserViewController.swift */; };
		CE5F65E520567ED700BCE8B2 /* ChatViewController.swift in Sources */ = {isa = PBXBuildFile; fileRef = CE5F65E420567ED700BCE8B2 /* ChatViewController.swift */; };
		CE5F65EF20568BC200BCE8B2 /* SearchViewCell.swift in Sources */ = {isa = PBXBuildFile; fileRef = CE5F65ED20568BC200BCE8B2 /* SearchViewCell.swift */; };
		CE5F65F020568BC200BCE8B2 /* SearchViewCell.xib in Resources */ = {isa = PBXBuildFile; fileRef = CE5F65EE20568BC200BCE8B2 /* SearchViewCell.xib */; };
		CE5F65F220568E5100BCE8B2 /* Constants.swift in Sources */ = {isa = PBXBuildFile; fileRef = CE5F65F120568E5100BCE8B2 /* Constants.swift */; };
		CE5F65F4205694AA00BCE8B2 /* Cloth.swift in Sources */ = {isa = PBXBuildFile; fileRef = CE5F65F3205694AA00BCE8B2 /* Cloth.swift */; };
		CE5F65F62056B32E00BCE8B2 /* ClothViewController.swift in Sources */ = {isa = PBXBuildFile; fileRef = CE5F65F52056B32E00BCE8B2 /* ClothViewController.swift */; };
		CE66D70220527E3A00CE29D3 /* MainViewController.swift in Sources */ = {isa = PBXBuildFile; fileRef = CE66D70120527E3A00CE29D3 /* MainViewController.swift */; };
		CE66D7042052838900CE29D3 /* LoginViewController.swift in Sources */ = {isa = PBXBuildFile; fileRef = CE66D7032052838900CE29D3 /* LoginViewController.swift */; };
		CE66D7062052855800CE29D3 /* CreateAccountViewController.swift in Sources */ = {isa = PBXBuildFile; fileRef = CE66D7052052855800CE29D3 /* CreateAccountViewController.swift */; };
		CE66D7082052A8D800CE29D3 /* User.swift in Sources */ = {isa = PBXBuildFile; fileRef = CE66D7072052A8D800CE29D3 /* User.swift */; };
		CE66D70B2052B0D400CE29D3 /* UserServices.swift in Sources */ = {isa = PBXBuildFile; fileRef = CE66D70A2052B0D400CE29D3 /* UserServices.swift */; };
		CE68B26B2057DCFE00FF47CE /* ImageCollectionViewCell.swift in Sources */ = {isa = PBXBuildFile; fileRef = CE68B26A2057DCFE00FF47CE /* ImageCollectionViewCell.swift */; };
		CE68B26D2058160F00FF47CE /* CommentViewController.swift in Sources */ = {isa = PBXBuildFile; fileRef = CE68B26C2058160F00FF47CE /* CommentViewController.swift */; };
		CE68B27120581BC900FF47CE /* CommentViewCell.swift in Sources */ = {isa = PBXBuildFile; fileRef = CE68B26F20581BC900FF47CE /* CommentViewCell.swift */; };
		CE68B27220581BC900FF47CE /* CommentViewCell.xib in Resources */ = {isa = PBXBuildFile; fileRef = CE68B27020581BC900FF47CE /* CommentViewCell.xib */; };
		CE68B27420581F6E00FF47CE /* Comment.swift in Sources */ = {isa = PBXBuildFile; fileRef = CE68B27320581F6E00FF47CE /* Comment.swift */; };
		CE68B2782059224A00FF47CE /* OptionsViewController.swift in Sources */ = {isa = PBXBuildFile; fileRef = CE68B2772059224A00FF47CE /* OptionsViewController.swift */; };
		CE68B27C2059237F00FF47CE /* OptionsViewCell.swift in Sources */ = {isa = PBXBuildFile; fileRef = CE68B27A2059237F00FF47CE /* OptionsViewCell.swift */; };
		CE68B27D2059237F00FF47CE /* OptionsViewCell.xib in Resources */ = {isa = PBXBuildFile; fileRef = CE68B27B2059237F00FF47CE /* OptionsViewCell.xib */; };
		CE68B27F205926D200FF47CE /* Option.swift in Sources */ = {isa = PBXBuildFile; fileRef = CE68B27E205926D200FF47CE /* Option.swift */; };
		CE68B283205940F400FF47CE /* ShopViewCell.swift in Sources */ = {isa = PBXBuildFile; fileRef = CE68B281205940F400FF47CE /* ShopViewCell.swift */; };
		CE68B284205940F400FF47CE /* ShopViewCell.xib in Resources */ = {isa = PBXBuildFile; fileRef = CE68B282205940F400FF47CE /* ShopViewCell.xib */; };
		CE68B2882059530000FF47CE /* NewsViewCell.swift in Sources */ = {isa = PBXBuildFile; fileRef = CE68B2862059530000FF47CE /* NewsViewCell.swift */; };
		CE68B2892059530000FF47CE /* NewsViewCell.xib in Resources */ = {isa = PBXBuildFile; fileRef = CE68B2872059530000FF47CE /* NewsViewCell.xib */; };
		CEFE5076205AB1D400530B1C /* CartViewController.swift in Sources */ = {isa = PBXBuildFile; fileRef = CEFE5075205AB1D400530B1C /* CartViewController.swift */; };
		CEFE507A205AB33000530B1C /* CartViewCell.swift in Sources */ = {isa = PBXBuildFile; fileRef = CEFE5078205AB33000530B1C /* CartViewCell.swift */; };
		CEFE507B205AB33000530B1C /* CartViewCell.xib in Resources */ = {isa = PBXBuildFile; fileRef = CEFE5079205AB33000530B1C /* CartViewCell.xib */; };
		CEFE507D205ADC2F00530B1C /* EditUserViewController.swift in Sources */ = {isa = PBXBuildFile; fileRef = CEFE507C205ADC2F00530B1C /* EditUserViewController.swift */; };
/* End PBXBuildFile section */

/* Begin PBXFileReference section */
		69FF400EDFE88E92D2073131 /* Pods_app.framework */ = {isa = PBXFileReference; explicitFileType = wrapper.framework; includeInIndex = 0; path = Pods_app.framework; sourceTree = BUILT_PRODUCTS_DIR; };
		89E78B5A38A282EE6768A4EC /* Pods-app.debug.xcconfig */ = {isa = PBXFileReference; includeInIndex = 1; lastKnownFileType = text.xcconfig; name = "Pods-app.debug.xcconfig"; path = "Pods/Target Support Files/Pods-app/Pods-app.debug.xcconfig"; sourceTree = "<group>"; };
		89EE724E0212FD4B12A2175C /* Pods-app.release.xcconfig */ = {isa = PBXFileReference; includeInIndex = 1; lastKnownFileType = text.xcconfig; name = "Pods-app.release.xcconfig"; path = "Pods/Target Support Files/Pods-app/Pods-app.release.xcconfig"; sourceTree = "<group>"; };
		CE315F63205BA3E600B17AAF /* Height.swift */ = {isa = PBXFileReference; lastKnownFileType = sourcecode.swift; path = Height.swift; sourceTree = "<group>"; };
		CE315F65205BB2AD00B17AAF /* MeasurementViewController.swift */ = {isa = PBXFileReference; lastKnownFileType = sourcecode.swift; path = MeasurementViewController.swift; sourceTree = "<group>"; };
		CE315F67205BB3C900B17AAF /* EnterMeasurementViewController.swift */ = {isa = PBXFileReference; lastKnownFileType = sourcecode.swift; path = EnterMeasurementViewController.swift; sourceTree = "<group>"; };
		CE315F69205BB3E700B17AAF /* StartMeasurementViewController.swift */ = {isa = PBXFileReference; lastKnownFileType = sourcecode.swift; path = StartMeasurementViewController.swift; sourceTree = "<group>"; };
		CE315F6B205BBD1700B17AAF /* measurement.mp4 */ = {isa = PBXFileReference; lastKnownFileType = file; path = measurement.mp4; sourceTree = "<group>"; };
		CE315F6D205BBD9700B17AAF /* TipsViewController.swift */ = {isa = PBXFileReference; lastKnownFileType = sourcecode.swift; path = TipsViewController.swift; sourceTree = "<group>"; };
		CE315F6F205BD97200B17AAF /* SelectTimeViewController.swift */ = {isa = PBXFileReference; lastKnownFileType = sourcecode.swift; path = SelectTimeViewController.swift; sourceTree = "<group>"; };
		CE315F71205BF32700B17AAF /* TriangleView.swift */ = {isa = PBXFileReference; lastKnownFileType = sourcecode.swift; path = TriangleView.swift; sourceTree = "<group>"; };
		CE315F73205C289D00B17AAF /* VideoViewController.swift */ = {isa = PBXFileReference; lastKnownFileType = sourcecode.swift; path = VideoViewController.swift; sourceTree = "<group>"; };
		CE41D3A4205D40D80093D077 /* NewsItem.swift */ = {isa = PBXFileReference; lastKnownFileType = sourcecode.swift; path = NewsItem.swift; sourceTree = "<group>"; };
		CE41D3A6205D496E0093D077 /* WebViewController.swift */ = {isa = PBXFileReference; lastKnownFileType = sourcecode.swift; path = WebViewController.swift; sourceTree = "<group>"; };
		CE556F67205187A8008F2CD4 /* app.app */ = {isa = PBXFileReference; explicitFileType = wrapper.application; includeInIndex = 0; path = app.app; sourceTree = BUILT_PRODUCTS_DIR; };
		CE556F6A205187A8008F2CD4 /* AppDelegate.swift */ = {isa = PBXFileReference; lastKnownFileType = sourcecode.swift; path = AppDelegate.swift; sourceTree = "<group>"; };
		CE556F6C205187A8008F2CD4 /* ShopViewController.swift */ = {isa = PBXFileReference; lastKnownFileType = sourcecode.swift; path = ShopViewController.swift; sourceTree = "<group>"; };
		CE556F6E205187A8008F2CD4 /* OrderViewController.swift */ = {isa = PBXFileReference; lastKnownFileType = sourcecode.swift; path = OrderViewController.swift; sourceTree = "<group>"; };
		CE556F71205187A8008F2CD4 /* Base */ = {isa = PBXFileReference; lastKnownFileType = file.storyboard; name = Base; path = Base.lproj/Main.storyboard; sourceTree = "<group>"; };
		CE556F73205187A8008F2CD4 /* Assets.xcassets */ = {isa = PBXFileReference; lastKnownFileType = folder.assetcatalog; path = Assets.xcassets; sourceTree = "<group>"; };
		CE556F76205187A8008F2CD4 /* Base */ = {isa = PBXFileReference; lastKnownFileType = file.storyboard; name = Base; path = Base.lproj/LaunchScreen.storyboard; sourceTree = "<group>"; };
		CE556F78205187A8008F2CD4 /* Info.plist */ = {isa = PBXFileReference; lastKnownFileType = text.plist.xml; path = Info.plist; sourceTree = "<group>"; };
		CE556F8120519271008F2CD4 /* GoogleService-Info.plist */ = {isa = PBXFileReference; fileEncoding = 4; lastKnownFileType = text.plist.xml; path = "GoogleService-Info.plist"; sourceTree = "<group>"; };
		CE5F65E020567EA800BCE8B2 /* SearchViewController.swift */ = {isa = PBXFileReference; lastKnownFileType = sourcecode.swift; path = SearchViewController.swift; sourceTree = "<group>"; };
		CE5F65E220567EC300BCE8B2 /* UserViewController.swift */ = {isa = PBXFileReference; lastKnownFileType = sourcecode.swift; path = UserViewController.swift; sourceTree = "<group>"; };
		CE5F65E420567ED700BCE8B2 /* ChatViewController.swift */ = {isa = PBXFileReference; lastKnownFileType = sourcecode.swift; path = ChatViewController.swift; sourceTree = "<group>"; };
		CE5F65ED20568BC200BCE8B2 /* SearchViewCell.swift */ = {isa = PBXFileReference; lastKnownFileType = sourcecode.swift; path = SearchViewCell.swift; sourceTree = "<group>"; };
		CE5F65EE20568BC200BCE8B2 /* SearchViewCell.xib */ = {isa = PBXFileReference; lastKnownFileType = file.xib; path = SearchViewCell.xib; sourceTree = "<group>"; };
		CE5F65F120568E5100BCE8B2 /* Constants.swift */ = {isa = PBXFileReference; lastKnownFileType = sourcecode.swift; path = Constants.swift; sourceTree = "<group>"; };
		CE5F65F3205694AA00BCE8B2 /* Cloth.swift */ = {isa = PBXFileReference; lastKnownFileType = sourcecode.swift; path = Cloth.swift; sourceTree = "<group>"; };
		CE5F65F52056B32E00BCE8B2 /* ClothViewController.swift */ = {isa = PBXFileReference; lastKnownFileType = sourcecode.swift; path = ClothViewController.swift; sourceTree = "<group>"; };
		CE66D70120527E3A00CE29D3 /* MainViewController.swift */ = {isa = PBXFileReference; lastKnownFileType = sourcecode.swift; path = MainViewController.swift; sourceTree = "<group>"; };
		CE66D7032052838900CE29D3 /* LoginViewController.swift */ = {isa = PBXFileReference; lastKnownFileType = sourcecode.swift; path = LoginViewController.swift; sourceTree = "<group>"; };
		CE66D7052052855800CE29D3 /* CreateAccountViewController.swift */ = {isa = PBXFileReference; lastKnownFileType = sourcecode.swift; path = CreateAccountViewController.swift; sourceTree = "<group>"; };
		CE66D7072052A8D800CE29D3 /* User.swift */ = {isa = PBXFileReference; lastKnownFileType = sourcecode.swift; path = User.swift; sourceTree = "<group>"; };
		CE66D70A2052B0D400CE29D3 /* UserServices.swift */ = {isa = PBXFileReference; lastKnownFileType = sourcecode.swift; path = UserServices.swift; sourceTree = "<group>"; };
		CE68B26A2057DCFE00FF47CE /* ImageCollectionViewCell.swift */ = {isa = PBXFileReference; lastKnownFileType = sourcecode.swift; path = ImageCollectionViewCell.swift; sourceTree = "<group>"; };
		CE68B26C2058160F00FF47CE /* CommentViewController.swift */ = {isa = PBXFileReference; lastKnownFileType = sourcecode.swift; path = CommentViewController.swift; sourceTree = "<group>"; };
		CE68B26F20581BC900FF47CE /* CommentViewCell.swift */ = {isa = PBXFileReference; lastKnownFileType = sourcecode.swift; path = CommentViewCell.swift; sourceTree = "<group>"; };
		CE68B27020581BC900FF47CE /* CommentViewCell.xib */ = {isa = PBXFileReference; lastKnownFileType = file.xib; path = CommentViewCell.xib; sourceTree = "<group>"; };
		CE68B27320581F6E00FF47CE /* Comment.swift */ = {isa = PBXFileReference; lastKnownFileType = sourcecode.swift; path = Comment.swift; sourceTree = "<group>"; };
		CE68B2772059224A00FF47CE /* OptionsViewController.swift */ = {isa = PBXFileReference; lastKnownFileType = sourcecode.swift; path = OptionsViewController.swift; sourceTree = "<group>"; };
		CE68B27A2059237F00FF47CE /* OptionsViewCell.swift */ = {isa = PBXFileReference; lastKnownFileType = sourcecode.swift; path = OptionsViewCell.swift; sourceTree = "<group>"; };
		CE68B27B2059237F00FF47CE /* OptionsViewCell.xib */ = {isa = PBXFileReference; lastKnownFileType = file.xib; path = OptionsViewCell.xib; sourceTree = "<group>"; };
		CE68B27E205926D200FF47CE /* Option.swift */ = {isa = PBXFileReference; lastKnownFileType = sourcecode.swift; path = Option.swift; sourceTree = "<group>"; };
		CE68B281205940F400FF47CE /* ShopViewCell.swift */ = {isa = PBXFileReference; lastKnownFileType = sourcecode.swift; path = ShopViewCell.swift; sourceTree = "<group>"; };
		CE68B282205940F400FF47CE /* ShopViewCell.xib */ = {isa = PBXFileReference; lastKnownFileType = file.xib; path = ShopViewCell.xib; sourceTree = "<group>"; };
		CE68B2862059530000FF47CE /* NewsViewCell.swift */ = {isa = PBXFileReference; lastKnownFileType = sourcecode.swift; path = NewsViewCell.swift; sourceTree = "<group>"; };
		CE68B2872059530000FF47CE /* NewsViewCell.xib */ = {isa = PBXFileReference; lastKnownFileType = file.xib; path = NewsViewCell.xib; sourceTree = "<group>"; };
		CEFE5075205AB1D400530B1C /* CartViewController.swift */ = {isa = PBXFileReference; lastKnownFileType = sourcecode.swift; path = CartViewController.swift; sourceTree = "<group>"; };
		CEFE5078205AB33000530B1C /* CartViewCell.swift */ = {isa = PBXFileReference; lastKnownFileType = sourcecode.swift; path = CartViewCell.swift; sourceTree = "<group>"; };
		CEFE5079205AB33000530B1C /* CartViewCell.xib */ = {isa = PBXFileReference; lastKnownFileType = file.xib; path = CartViewCell.xib; sourceTree = "<group>"; };
		CEFE507C205ADC2F00530B1C /* EditUserViewController.swift */ = {isa = PBXFileReference; lastKnownFileType = sourcecode.swift; path = EditUserViewController.swift; sourceTree = "<group>"; };
/* End PBXFileReference section */

/* Begin PBXFrameworksBuildPhase section */
		CE556F64205187A8008F2CD4 /* Frameworks */ = {
			isa = PBXFrameworksBuildPhase;
			buildActionMask = 2147483647;
			files = (
				46AA668D442F5FBEE9628BEF /* Pods_app.framework in Frameworks */,
			);
			runOnlyForDeploymentPostprocessing = 0;
		};
/* End PBXFrameworksBuildPhase section */

/* Begin PBXGroup section */
		C5034527104B06BF2F7CD758 /* Frameworks */ = {
			isa = PBXGroup;
			children = (
				69FF400EDFE88E92D2073131 /* Pods_app.framework */,
			);
			name = Frameworks;
			sourceTree = "<group>";
		};
		CE556F5E205187A8008F2CD4 = {
			isa = PBXGroup;
			children = (
				CE556F69205187A8008F2CD4 /* app */,
				CE556F68205187A8008F2CD4 /* Products */,
				ED1CE739AF6DE7F683F551C3 /* Pods */,
				C5034527104B06BF2F7CD758 /* Frameworks */,
			);
			sourceTree = "<group>";
		};
		CE556F68205187A8008F2CD4 /* Products */ = {
			isa = PBXGroup;
			children = (
				CE556F67205187A8008F2CD4 /* app.app */,
			);
			name = Products;
			sourceTree = "<group>";
		};
		CE556F69205187A8008F2CD4 /* app */ = {
			isa = PBXGroup;
			children = (
				CE66D7092052B0B300CE29D3 /* Utilities */,
				CE556F8020519171008F2CD4 /* View */,
				CE556F7F20519164008F2CD4 /* Controller */,
				CE556F7E20519154008F2CD4 /* Model */,
				CE556F73205187A8008F2CD4 /* Assets.xcassets */,
				CE556F75205187A8008F2CD4 /* LaunchScreen.storyboard */,
				CE556F78205187A8008F2CD4 /* Info.plist */,
				CE556F8120519271008F2CD4 /* GoogleService-Info.plist */,
				CE315F6B205BBD1700B17AAF /* measurement.mp4 */,
			);
			path = app;
			sourceTree = "<group>";
		};
		CE556F7E20519154008F2CD4 /* Model */ = {
			isa = PBXGroup;
			children = (
				CE66D7072052A8D800CE29D3 /* User.swift */,
				CE5F65F3205694AA00BCE8B2 /* Cloth.swift */,
				CE68B27320581F6E00FF47CE /* Comment.swift */,
				CE68B27E205926D200FF47CE /* Option.swift */,
				CE315F63205BA3E600B17AAF /* Height.swift */,
				CE41D3A4205D40D80093D077 /* NewsItem.swift */,
			);
			path = Model;
			sourceTree = "<group>";
		};
		CE556F7F20519164008F2CD4 /* Controller */ = {
			isa = PBXGroup;
			children = (
				CE556F6A205187A8008F2CD4 /* AppDelegate.swift */,
				CE556F6E205187A8008F2CD4 /* OrderViewController.swift */,
				CE556F6C205187A8008F2CD4 /* ShopViewController.swift */,
				CE66D70120527E3A00CE29D3 /* MainViewController.swift */,
				CE66D7032052838900CE29D3 /* LoginViewController.swift */,
				CE66D7052052855800CE29D3 /* CreateAccountViewController.swift */,
				CE5F65E020567EA800BCE8B2 /* SearchViewController.swift */,
				CE5F65E220567EC300BCE8B2 /* UserViewController.swift */,
				CE5F65E420567ED700BCE8B2 /* ChatViewController.swift */,
				CE5F65F52056B32E00BCE8B2 /* ClothViewController.swift */,
				CE68B26A2057DCFE00FF47CE /* ImageCollectionViewCell.swift */,
				CE68B26C2058160F00FF47CE /* CommentViewController.swift */,
				CE68B2772059224A00FF47CE /* OptionsViewController.swift */,
				CEFE5075205AB1D400530B1C /* CartViewController.swift */,
				CEFE507C205ADC2F00530B1C /* EditUserViewController.swift */,
				CE315F65205BB2AD00B17AAF /* MeasurementViewController.swift */,
				CE315F67205BB3C900B17AAF /* EnterMeasurementViewController.swift */,
				CE315F69205BB3E700B17AAF /* StartMeasurementViewController.swift */,
				CE315F6D205BBD9700B17AAF /* TipsViewController.swift */,
				CE315F6F205BD97200B17AAF /* SelectTimeViewController.swift */,
				CE315F73205C289D00B17AAF /* VideoViewController.swift */,
				CE41D3A6205D496E0093D077 /* WebViewController.swift */,
			);
			path = Controller;
			sourceTree = "<group>";
		};
		CE556F8020519171008F2CD4 /* View */ = {
			isa = PBXGroup;
			children = (
				CEFE5077205AB30C00530B1C /* cartCell */,
				CE68B285205952DC00FF47CE /* newsCell */,
				CE68B280205940CD00FF47CE /* shopCell */,
				CE68B2792059234C00FF47CE /* optionsCell */,
				CE68B26E20581B9500FF47CE /* commentCell */,
				CE5F65E6205683E200BCE8B2 /* searchCell */,
				CE556F70205187A8008F2CD4 /* Main.storyboard */,
			);
			path = View;
			sourceTree = "<group>";
		};
		CE5F65E6205683E200BCE8B2 /* searchCell */ = {
			isa = PBXGroup;
			children = (
				CE5F65ED20568BC200BCE8B2 /* SearchViewCell.swift */,
				CE5F65EE20568BC200BCE8B2 /* SearchViewCell.xib */,
			);
			path = searchCell;
			sourceTree = "<group>";
		};
		CE66D7092052B0B300CE29D3 /* Utilities */ = {
			isa = PBXGroup;
			children = (
				CE66D70A2052B0D400CE29D3 /* UserServices.swift */,
				CE5F65F120568E5100BCE8B2 /* Constants.swift */,
				CE315F71205BF32700B17AAF /* TriangleView.swift */,
			);
			path = Utilities;
			sourceTree = "<group>";
		};
		CE68B26E20581B9500FF47CE /* commentCell */ = {
			isa = PBXGroup;
			children = (
				CE68B26F20581BC900FF47CE /* CommentViewCell.swift */,
				CE68B27020581BC900FF47CE /* CommentViewCell.xib */,
			);
			path = commentCell;
			sourceTree = "<group>";
		};
		CE68B2792059234C00FF47CE /* optionsCell */ = {
			isa = PBXGroup;
			children = (
				CE68B27A2059237F00FF47CE /* OptionsViewCell.swift */,
				CE68B27B2059237F00FF47CE /* OptionsViewCell.xib */,
			);
			path = optionsCell;
			sourceTree = "<group>";
		};
		CE68B280205940CD00FF47CE /* shopCell */ = {
			isa = PBXGroup;
			children = (
				CE68B281205940F400FF47CE /* ShopViewCell.swift */,
				CE68B282205940F400FF47CE /* ShopViewCell.xib */,
			);
			path = shopCell;
			sourceTree = "<group>";
		};
		CE68B285205952DC00FF47CE /* newsCell */ = {
			isa = PBXGroup;
			children = (
				CE68B2862059530000FF47CE /* NewsViewCell.swift */,
				CE68B2872059530000FF47CE /* NewsViewCell.xib */,
			);
			path = newsCell;
			sourceTree = "<group>";
		};
		CEFE5077205AB30C00530B1C /* cartCell */ = {
			isa = PBXGroup;
			children = (
				CEFE5078205AB33000530B1C /* CartViewCell.swift */,
				CEFE5079205AB33000530B1C /* CartViewCell.xib */,
			);
			path = cartCell;
			sourceTree = "<group>";
		};
		ED1CE739AF6DE7F683F551C3 /* Pods */ = {
			isa = PBXGroup;
			children = (
				89E78B5A38A282EE6768A4EC /* Pods-app.debug.xcconfig */,
				89EE724E0212FD4B12A2175C /* Pods-app.release.xcconfig */,
			);
			name = Pods;
			sourceTree = "<group>";
		};
/* End PBXGroup section */

/* Begin PBXNativeTarget section */
		CE556F66205187A8008F2CD4 /* app */ = {
			isa = PBXNativeTarget;
			buildConfigurationList = CE556F7B205187A8008F2CD4 /* Build configuration list for PBXNativeTarget "app" */;
			buildPhases = (
				41400D10FD95F26D300B5FF9 /* [CP] Check Pods Manifest.lock */,
				CE556F63205187A8008F2CD4 /* Sources */,
				CE556F64205187A8008F2CD4 /* Frameworks */,
				CE556F65205187A8008F2CD4 /* Resources */,
				DCD616B700BBB0F969CF9FFF /* [CP] Embed Pods Frameworks */,
				465FA8236CDDBFAAD2BD0BFE /* [CP] Copy Pods Resources */,
			);
			buildRules = (
			);
			dependencies = (
			);
			name = app;
			productName = app;
			productReference = CE556F67205187A8008F2CD4 /* app.app */;
			productType = "com.apple.product-type.application";
		};
/* End PBXNativeTarget section */

/* Begin PBXProject section */
		CE556F5F205187A8008F2CD4 /* Project object */ = {
			isa = PBXProject;
			attributes = {
				LastSwiftUpdateCheck = 0920;
				LastUpgradeCheck = 0920;
				ORGANIZATIONNAME = Ladrope;
				TargetAttributes = {
					CE556F66205187A8008F2CD4 = {
						CreatedOnToolsVersion = 9.2;
						ProvisioningStyle = Automatic;
					};
				};
			};
			buildConfigurationList = CE556F62205187A8008F2CD4 /* Build configuration list for PBXProject "app" */;
			compatibilityVersion = "Xcode 8.0";
			developmentRegion = en;
			hasScannedForEncodings = 0;
			knownRegions = (
				en,
				Base,
			);
			mainGroup = CE556F5E205187A8008F2CD4;
			productRefGroup = CE556F68205187A8008F2CD4 /* Products */;
			projectDirPath = "";
			projectRoot = "";
			targets = (
				CE556F66205187A8008F2CD4 /* app */,
			);
		};
/* End PBXProject section */

/* Begin PBXResourcesBuildPhase section */
		CE556F65205187A8008F2CD4 /* Resources */ = {
			isa = PBXResourcesBuildPhase;
			buildActionMask = 2147483647;
			files = (
				CE68B2892059530000FF47CE /* NewsViewCell.xib in Resources */,
				CE5F65F020568BC200BCE8B2 /* SearchViewCell.xib in Resources */,
				CE68B27D2059237F00FF47CE /* OptionsViewCell.xib in Resources */,
				CE556F77205187A8008F2CD4 /* LaunchScreen.storyboard in Resources */,
				CE315F6C205BBD1700B17AAF /* measurement.mp4 in Resources */,
				CEFE507B205AB33000530B1C /* CartViewCell.xib in Resources */,
				CE68B27220581BC900FF47CE /* CommentViewCell.xib in Resources */,
				CE556F8220519271008F2CD4 /* GoogleService-Info.plist in Resources */,
				CE556F74205187A8008F2CD4 /* Assets.xcassets in Resources */,
				CE68B284205940F400FF47CE /* ShopViewCell.xib in Resources */,
				CE556F72205187A8008F2CD4 /* Main.storyboard in Resources */,
			);
			runOnlyForDeploymentPostprocessing = 0;
		};
/* End PBXResourcesBuildPhase section */

/* Begin PBXShellScriptBuildPhase section */
		41400D10FD95F26D300B5FF9 /* [CP] Check Pods Manifest.lock */ = {
			isa = PBXShellScriptBuildPhase;
			buildActionMask = 2147483647;
			files = (
			);
			inputPaths = (
				"${PODS_PODFILE_DIR_PATH}/Podfile.lock",
				"${PODS_ROOT}/Manifest.lock",
			);
			name = "[CP] Check Pods Manifest.lock";
			outputPaths = (
				"$(DERIVED_FILE_DIR)/Pods-app-checkManifestLockResult.txt",
			);
			runOnlyForDeploymentPostprocessing = 0;
			shellPath = /bin/sh;
			shellScript = "diff \"${PODS_PODFILE_DIR_PATH}/Podfile.lock\" \"${PODS_ROOT}/Manifest.lock\" > /dev/null\nif [ $? != 0 ] ; then\n    # print error to STDERR\n    echo \"error: The sandbox is not in sync with the Podfile.lock. Run 'pod install' or update your CocoaPods installation.\" >&2\n    exit 1\nfi\n# This output is used by Xcode 'outputs' to avoid re-running this script phase.\necho \"SUCCESS\" > \"${SCRIPT_OUTPUT_FILE_0}\"\n";
			showEnvVarsInLog = 0;
		};
		465FA8236CDDBFAAD2BD0BFE /* [CP] Copy Pods Resources */ = {
			isa = PBXShellScriptBuildPhase;
			buildActionMask = 2147483647;
			files = (
			);
			inputPaths = (
				"${SRCROOT}/Pods/Target Support Files/Pods-app/Pods-app-resources.sh",
				"${PODS_ROOT}/GoogleSignIn/Resources/GoogleSignIn.bundle",
			);
			name = "[CP] Copy Pods Resources";
			outputPaths = (
				"${TARGET_BUILD_DIR}/${UNLOCALIZED_RESOURCES_FOLDER_PATH}/GoogleSignIn.bundle",
			);
			runOnlyForDeploymentPostprocessing = 0;
			shellPath = /bin/sh;
			shellScript = "\"${SRCROOT}/Pods/Target Support Files/Pods-app/Pods-app-resources.sh\"\n";
			showEnvVarsInLog = 0;
		};
		DCD616B700BBB0F969CF9FFF /* [CP] Embed Pods Frameworks */ = {
			isa = PBXShellScriptBuildPhase;
			buildActionMask = 2147483647;
			files = (
			);
			inputPaths = (
				"${SRCROOT}/Pods/Target Support Files/Pods-app/Pods-app-frameworks.sh",
				"${BUILT_PRODUCTS_DIR}/Alamofire/Alamofire.framework",
				"${BUILT_PRODUCTS_DIR}/Cloudinary/Cloudinary.framework",
				"${BUILT_PRODUCTS_DIR}/CodableFirebase/CodableFirebase.framework",
				"${BUILT_PRODUCTS_DIR}/Cosmos/Cosmos.framework",
				"${BUILT_PRODUCTS_DIR}/GTMOAuth2/GTMOAuth2.framework",
				"${BUILT_PRODUCTS_DIR}/GTMSessionFetcher/GTMSessionFetcher.framework",
				"${BUILT_PRODUCTS_DIR}/GoogleToolboxForMac/GoogleToolboxForMac.framework",
				"${BUILT_PRODUCTS_DIR}/IQKeyboardManagerSwift/IQKeyboardManagerSwift.framework",
				"${BUILT_PRODUCTS_DIR}/Kingfisher/Kingfisher.framework",
				"${BUILT_PRODUCTS_DIR}/Protobuf/Protobuf.framework",
				"${BUILT_PRODUCTS_DIR}/SCLAlertView/SCLAlertView.framework",
				"${BUILT_PRODUCTS_DIR}/SVProgressHUD/SVProgressHUD.framework",
				"${BUILT_PRODUCTS_DIR}/leveldb-library/leveldb.framework",
				"${BUILT_PRODUCTS_DIR}/nanopb/nanopb.framework",
			);
			name = "[CP] Embed Pods Frameworks";
			outputPaths = (
				"${TARGET_BUILD_DIR}/${FRAMEWORKS_FOLDER_PATH}/Alamofire.framework",
				"${TARGET_BUILD_DIR}/${FRAMEWORKS_FOLDER_PATH}/Cloudinary.framework",
				"${TARGET_BUILD_DIR}/${FRAMEWORKS_FOLDER_PATH}/CodableFirebase.framework",
				"${TARGET_BUILD_DIR}/${FRAMEWORKS_FOLDER_PATH}/Cosmos.framework",
				"${TARGET_BUILD_DIR}/${FRAMEWORKS_FOLDER_PATH}/GTMOAuth2.framework",
				"${TARGET_BUILD_DIR}/${FRAMEWORKS_FOLDER_PATH}/GTMSessionFetcher.framework",
				"${TARGET_BUILD_DIR}/${FRAMEWORKS_FOLDER_PATH}/GoogleToolboxForMac.framework",
				"${TARGET_BUILD_DIR}/${FRAMEWORKS_FOLDER_PATH}/IQKeyboardManagerSwift.framework",
				"${TARGET_BUILD_DIR}/${FRAMEWORKS_FOLDER_PATH}/Kingfisher.framework",
				"${TARGET_BUILD_DIR}/${FRAMEWORKS_FOLDER_PATH}/Protobuf.framework",
				"${TARGET_BUILD_DIR}/${FRAMEWORKS_FOLDER_PATH}/SCLAlertView.framework",
				"${TARGET_BUILD_DIR}/${FRAMEWORKS_FOLDER_PATH}/SVProgressHUD.framework",
				"${TARGET_BUILD_DIR}/${FRAMEWORKS_FOLDER_PATH}/leveldb.framework",
				"${TARGET_BUILD_DIR}/${FRAMEWORKS_FOLDER_PATH}/nanopb.framework",
			);
			runOnlyForDeploymentPostprocessing = 0;
			shellPath = /bin/sh;
			shellScript = "\"${SRCROOT}/Pods/Target Support Files/Pods-app/Pods-app-frameworks.sh\"\n";
			showEnvVarsInLog = 0;
		};
/* End PBXShellScriptBuildPhase section */

/* Begin PBXSourcesBuildPhase section */
		CE556F63205187A8008F2CD4 /* Sources */ = {
			isa = PBXSourcesBuildPhase;
			buildActionMask = 2147483647;
			files = (
				CE41D3A7205D496F0093D077 /* WebViewController.swift in Sources */,
				CE5F65F4205694AA00BCE8B2 /* Cloth.swift in Sources */,
				CE66D70B2052B0D400CE29D3 /* UserServices.swift in Sources */,
				CE68B26B2057DCFE00FF47CE /* ImageCollectionViewCell.swift in Sources */,
				CE5F65E320567EC300BCE8B2 /* UserViewController.swift in Sources */,
				CE5F65EF20568BC200BCE8B2 /* SearchViewCell.swift in Sources */,
				CE68B283205940F400FF47CE /* ShopViewCell.swift in Sources */,
				CE315F72205BF32700B17AAF /* TriangleView.swift in Sources */,
				CEFE507D205ADC2F00530B1C /* EditUserViewController.swift in Sources */,
				CE315F74205C289D00B17AAF /* VideoViewController.swift in Sources */,
				CE68B26D2058160F00FF47CE /* CommentViewController.swift in Sources */,
				CEFE5076205AB1D400530B1C /* CartViewController.swift in Sources */,
				CE68B27120581BC900FF47CE /* CommentViewCell.swift in Sources */,
				CE5F65E520567ED700BCE8B2 /* ChatViewController.swift in Sources */,
				CE315F6A205BB3E700B17AAF /* StartMeasurementViewController.swift in Sources */,
				CE66D7062052855800CE29D3 /* CreateAccountViewController.swift in Sources */,
				CE68B2782059224A00FF47CE /* OptionsViewController.swift in Sources */,
				CE556F6F205187A8008F2CD4 /* OrderViewController.swift in Sources */,
				CE315F68205BB3C900B17AAF /* EnterMeasurementViewController.swift in Sources */,
				CE5F65E120567EA800BCE8B2 /* SearchViewController.swift in Sources */,
				CEFE507A205AB33000530B1C /* CartViewCell.swift in Sources */,
				CE315F6E205BBD9700B17AAF /* TipsViewController.swift in Sources */,
				CE315F64205BA3E600B17AAF /* Height.swift in Sources */,
				CE556F6B205187A8008F2CD4 /* AppDelegate.swift in Sources */,
				CE556F6D205187A8008F2CD4 /* ShopViewController.swift in Sources */,
				CE68B27F205926D200FF47CE /* Option.swift in Sources */,
				CE41D3A5205D40D80093D077 /* NewsItem.swift in Sources */,
				CE66D7042052838900CE29D3 /* LoginViewController.swift in Sources */,
				CE315F66205BB2AD00B17AAF /* MeasurementViewController.swift in Sources */,
				CE315F70205BD97200B17AAF /* SelectTimeViewController.swift in Sources */,
				CE5F65F62056B32E00BCE8B2 /* ClothViewController.swift in Sources */,
				CE68B27C2059237F00FF47CE /* OptionsViewCell.swift in Sources */,
				CE5F65F220568E5100BCE8B2 /* Constants.swift in Sources */,
				CE68B27420581F6E00FF47CE /* Comment.swift in Sources */,
				CE68B2882059530000FF47CE /* NewsViewCell.swift in Sources */,
				CE66D70220527E3A00CE29D3 /* MainViewController.swift in Sources */,
				CE66D7082052A8D800CE29D3 /* User.swift in Sources */,
			);
			runOnlyForDeploymentPostprocessing = 0;
		};
/* End PBXSourcesBuildPhase section */

/* Begin PBXVariantGroup section */
		CE556F70205187A8008F2CD4 /* Main.storyboard */ = {
			isa = PBXVariantGroup;
			children = (
				CE556F71205187A8008F2CD4 /* Base */,
			);
			name = Main.storyboard;
			sourceTree = "<group>";
		};
		CE556F75205187A8008F2CD4 /* LaunchScreen.storyboard */ = {
			isa = PBXVariantGroup;
			children = (
				CE556F76205187A8008F2CD4 /* Base */,
			);
			name = LaunchScreen.storyboard;
			sourceTree = "<group>";
		};
/* End PBXVariantGroup section */

/* Begin XCBuildConfiguration section */
		CE556F79205187A8008F2CD4 /* Debug */ = {
			isa = XCBuildConfiguration;
			buildSettings = {
				ALWAYS_SEARCH_USER_PATHS = NO;
				CLANG_ANALYZER_NONNULL = YES;
				CLANG_ANALYZER_NUMBER_OBJECT_CONVERSION = YES_AGGRESSIVE;
				CLANG_CXX_LANGUAGE_STANDARD = "gnu++14";
				CLANG_CXX_LIBRARY = "libc++";
				CLANG_ENABLE_MODULES = YES;
				CLANG_ENABLE_OBJC_ARC = YES;
				CLANG_WARN_BLOCK_CAPTURE_AUTORELEASING = YES;
				CLANG_WARN_BOOL_CONVERSION = YES;
				CLANG_WARN_COMMA = YES;
				CLANG_WARN_CONSTANT_CONVERSION = YES;
				CLANG_WARN_DIRECT_OBJC_ISA_USAGE = YES_ERROR;
				CLANG_WARN_DOCUMENTATION_COMMENTS = YES;
				CLANG_WARN_EMPTY_BODY = YES;
				CLANG_WARN_ENUM_CONVERSION = YES;
				CLANG_WARN_INFINITE_RECURSION = YES;
				CLANG_WARN_INT_CONVERSION = YES;
				CLANG_WARN_NON_LITERAL_NULL_CONVERSION = YES;
				CLANG_WARN_OBJC_LITERAL_CONVERSION = YES;
				CLANG_WARN_OBJC_ROOT_CLASS = YES_ERROR;
				CLANG_WARN_RANGE_LOOP_ANALYSIS = YES;
				CLANG_WARN_STRICT_PROTOTYPES = YES;
				CLANG_WARN_SUSPICIOUS_MOVE = YES;
				CLANG_WARN_UNGUARDED_AVAILABILITY = YES_AGGRESSIVE;
				CLANG_WARN_UNREACHABLE_CODE = YES;
				CLANG_WARN__DUPLICATE_METHOD_MATCH = YES;
				CODE_SIGN_IDENTITY = "iPhone Developer";
				COPY_PHASE_STRIP = NO;
				DEBUG_INFORMATION_FORMAT = dwarf;
				ENABLE_STRICT_OBJC_MSGSEND = YES;
				ENABLE_TESTABILITY = YES;
				GCC_C_LANGUAGE_STANDARD = gnu11;
				GCC_DYNAMIC_NO_PIC = NO;
				GCC_NO_COMMON_BLOCKS = YES;
				GCC_OPTIMIZATION_LEVEL = 0;
				GCC_PREPROCESSOR_DEFINITIONS = (
					"DEBUG=1",
					"$(inherited)",
				);
				GCC_WARN_64_TO_32_BIT_CONVERSION = YES;
				GCC_WARN_ABOUT_RETURN_TYPE = YES_ERROR;
				GCC_WARN_UNDECLARED_SELECTOR = YES;
				GCC_WARN_UNINITIALIZED_AUTOS = YES_AGGRESSIVE;
				GCC_WARN_UNUSED_FUNCTION = YES;
				GCC_WARN_UNUSED_VARIABLE = YES;
				IPHONEOS_DEPLOYMENT_TARGET = 11.2;
				MTL_ENABLE_DEBUG_INFO = YES;
				ONLY_ACTIVE_ARCH = YES;
				SDKROOT = iphoneos;
				SWIFT_ACTIVE_COMPILATION_CONDITIONS = DEBUG;
				SWIFT_OPTIMIZATION_LEVEL = "-Onone";
			};
			name = Debug;
		};
		CE556F7A205187A8008F2CD4 /* Release */ = {
			isa = XCBuildConfiguration;
			buildSettings = {
				ALWAYS_SEARCH_USER_PATHS = NO;
				CLANG_ANALYZER_NONNULL = YES;
				CLANG_ANALYZER_NUMBER_OBJECT_CONVERSION = YES_AGGRESSIVE;
				CLANG_CXX_LANGUAGE_STANDARD = "gnu++14";
				CLANG_CXX_LIBRARY = "libc++";
				CLANG_ENABLE_MODULES = YES;
				CLANG_ENABLE_OBJC_ARC = YES;
				CLANG_WARN_BLOCK_CAPTURE_AUTORELEASING = YES;
				CLANG_WARN_BOOL_CONVERSION = YES;
				CLANG_WARN_COMMA = YES;
				CLANG_WARN_CONSTANT_CONVERSION = YES;
				CLANG_WARN_DIRECT_OBJC_ISA_USAGE = YES_ERROR;
				CLANG_WARN_DOCUMENTATION_COMMENTS = YES;
				CLANG_WARN_EMPTY_BODY = YES;
				CLANG_WARN_ENUM_CONVERSION = YES;
				CLANG_WARN_INFINITE_RECURSION = YES;
				CLANG_WARN_INT_CONVERSION = YES;
				CLANG_WARN_NON_LITERAL_NULL_CONVERSION = YES;
				CLANG_WARN_OBJC_LITERAL_CONVERSION = YES;
				CLANG_WARN_OBJC_ROOT_CLASS = YES_ERROR;
				CLANG_WARN_RANGE_LOOP_ANALYSIS = YES;
				CLANG_WARN_STRICT_PROTOTYPES = YES;
				CLANG_WARN_SUSPICIOUS_MOVE = YES;
				CLANG_WARN_UNGUARDED_AVAILABILITY = YES_AGGRESSIVE;
				CLANG_WARN_UNREACHABLE_CODE = YES;
				CLANG_WARN__DUPLICATE_METHOD_MATCH = YES;
				CODE_SIGN_IDENTITY = "iPhone Developer";
				COPY_PHASE_STRIP = NO;
				DEBUG_INFORMATION_FORMAT = "dwarf-with-dsym";
				ENABLE_NS_ASSERTIONS = NO;
				ENABLE_STRICT_OBJC_MSGSEND = YES;
				GCC_C_LANGUAGE_STANDARD = gnu11;
				GCC_NO_COMMON_BLOCKS = YES;
				GCC_WARN_64_TO_32_BIT_CONVERSION = YES;
				GCC_WARN_ABOUT_RETURN_TYPE = YES_ERROR;
				GCC_WARN_UNDECLARED_SELECTOR = YES;
				GCC_WARN_UNINITIALIZED_AUTOS = YES_AGGRESSIVE;
				GCC_WARN_UNUSED_FUNCTION = YES;
				GCC_WARN_UNUSED_VARIABLE = YES;
				IPHONEOS_DEPLOYMENT_TARGET = 11.2;
				MTL_ENABLE_DEBUG_INFO = NO;
				SDKROOT = iphoneos;
				SWIFT_OPTIMIZATION_LEVEL = "-Owholemodule";
				VALIDATE_PRODUCT = YES;
			};
			name = Release;
		};
		CE556F7C205187A8008F2CD4 /* Debug */ = {
			isa = XCBuildConfiguration;
			baseConfigurationReference = 89E78B5A38A282EE6768A4EC /* Pods-app.debug.xcconfig */;
			buildSettings = {
				ASSETCATALOG_COMPILER_APPICON_NAME = AppIcon;
				CODE_SIGN_STYLE = Automatic;
				DEVELOPMENT_TEAM = L2637EN8LY;
				INFOPLIST_FILE = app/Info.plist;
				LD_RUNPATH_SEARCH_PATHS = "$(inherited) @executable_path/Frameworks";
				PRODUCT_BUNDLE_IDENTIFIER = com.ladrope.app;
				PRODUCT_NAME = "$(TARGET_NAME)";
				SWIFT_VERSION = 4.0;
				TARGETED_DEVICE_FAMILY = "1,2";
			};
			name = Debug;
		};
		CE556F7D205187A8008F2CD4 /* Release */ = {
			isa = XCBuildConfiguration;
			baseConfigurationReference = 89EE724E0212FD4B12A2175C /* Pods-app.release.xcconfig */;
			buildSettings = {
				ASSETCATALOG_COMPILER_APPICON_NAME = AppIcon;
				CODE_SIGN_STYLE = Automatic;
				DEVELOPMENT_TEAM = L2637EN8LY;
				INFOPLIST_FILE = app/Info.plist;
				LD_RUNPATH_SEARCH_PATHS = "$(inherited) @executable_path/Frameworks";
				PRODUCT_BUNDLE_IDENTIFIER = com.ladrope.app;
				PRODUCT_NAME = "$(TARGET_NAME)";
				SWIFT_VERSION = 4.0;
				TARGETED_DEVICE_FAMILY = "1,2";
			};
			name = Release;
		};
/* End XCBuildConfiguration section */

/* Begin XCConfigurationList section */
		CE556F62205187A8008F2CD4 /* Build configuration list for PBXProject "app" */ = {
			isa = XCConfigurationList;
			buildConfigurations = (
				CE556F79205187A8008F2CD4 /* Debug */,
				CE556F7A205187A8008F2CD4 /* Release */,
			);
			defaultConfigurationIsVisible = 0;
			defaultConfigurationName = Release;
		};
		CE556F7B205187A8008F2CD4 /* Build configuration list for PBXNativeTarget "app" */ = {
			isa = XCConfigurationList;
			buildConfigurations = (
				CE556F7C205187A8008F2CD4 /* Debug */,
				CE556F7D205187A8008F2CD4 /* Release */,
			);
			defaultConfigurationIsVisible = 0;
			defaultConfigurationName = Release;
		};
/* End XCConfigurationList section */
	};
	rootObject = CE556F5F205187A8008F2CD4 /* Project object */;
}
